
Microsoft Visual Studio Solution File, Format Version 12.00
# Visual Studio Version 16
VisualStudioVersion = 16.0.30907.101
MinimumVisualStudioVersion = 10.0.40219.1
Project("{FAE04EC0-301F-11D3-BF4B-00C04F79EFBC}") = "DevOps", "DevOps\DevOps.csproj", "{6B7DB667-09FA-4A2B-B1D4-9F3EC7538690}"
EndProject
Global
	GlobalSection(SolutionConfigurationPlatforms) = preSolution
		Debug|Any CPU = Debug|Any CPU
		Release|Any CPU = Release|Any CPU
	EndGlobalSection
	GlobalSection(ProjectConfigurationPlatforms) = postSolution
		{6B7DB667-09FA-4A2B-B1D4-9F3EC7538690}.Debug|Any CPU.ActiveCfg = Debug|Any CPU
		{6B7DB667-09FA-4A2B-B1D4-9F3EC7538690}.Debug|Any CPU.Build.0 = Debug|Any CPU
		{6B7DB667-09FA-4A2B-B1D4-9F3EC7538690}.Release|Any CPU.ActiveCfg = Release|Any CPU
		{6B7DB667-09FA-4A2B-B1D4-9F3EC7538690}.Release|Any CPU.Build.0 = Release|Any CPU
	EndGlobalSection
	GlobalSection(SolutionProperties) = preSolution
		HideSolutionNode = FALSE
	EndGlobalSection
	GlobalSection(ExtensibilityGlobals) = postSolution
		SolutionGuid = {1D3C2946-FBFA-4000-B975-D85B360CB9AC}
	EndGlobalSection
EndGlobal
